
Microsoft Visual Studio Solution File, Format Version 12.00
# Visual Studio 15
VisualStudioVersion = 15.0.27428.2011
MinimumVisualStudioVersion = 10.0.40219.1
Project("{FAE04EC0-301F-11D3-BF4B-00C04F79EFBC}") = "boundball", "boundball\boundball.csproj", "{AB904D82-BD17-4FE0-A329-9677EBF3FDC2}"
EndProject
Global
	GlobalSection(SolutionConfigurationPlatforms) = preSolution
		Debug|Any CPU = Debug|Any CPU
		Release|Any CPU = Release|Any CPU
	EndGlobalSection
	GlobalSection(ProjectConfigurationPlatforms) = postSolution
		{AB904D82-BD17-4FE0-A329-9677EBF3FDC2}.Debug|Any CPU.ActiveCfg = Debug|Any CPU
		{AB904D82-BD17-4FE0-A329-9677EBF3FDC2}.Debug|Any CPU.Build.0 = Debug|Any CPU
		{AB904D82-BD17-4FE0-A329-9677EBF3FDC2}.Release|Any CPU.ActiveCfg = Release|Any CPU
		{AB904D82-BD17-4FE0-A329-9677EBF3FDC2}.Release|Any CPU.Build.0 = Release|Any CPU
	EndGlobalSection
	GlobalSection(SolutionProperties) = preSolution
		HideSolutionNode = FALSE
	EndGlobalSection
	GlobalSection(ExtensibilityGlobals) = postSolution
		SolutionGuid = {7DC89BD3-4ED0-4756-A911-4306A944992A}
	EndGlobalSection
EndGlobal
